// !$*UTF8*$!
{
	archiveVersion = 1;
	classes = {
	};
	objectVersion = 46;
	objects = {

/* Begin PBXBuildFile section */
		EC2C21AC1A5BC87100C5538D /* Foundation.framework in Frameworks */ = {isa = PBXBuildFile; fileRef = EC2C21AB1A5BC87100C5538D /* Foundation.framework */; };
		EC2C21B11A5BC87100C5538D /* TTGamePadView.h in CopyFiles */ = {isa = PBXBuildFile; fileRef = EC2C21B01A5BC87100C5538D /* TTGamePadView.h */; };
		EC2C21B31A5BC87100C5538D /* TTGamePadView.m in Sources */ = {isa = PBXBuildFile; fileRef = EC2C21B21A5BC87100C5538D /* TTGamePadView.m */; };
		EC2C21BA1A5BC87100C5538D /* XCTest.framework in Frameworks */ = {isa = PBXBuildFile; fileRef = EC2C21B91A5BC87100C5538D /* XCTest.framework */; };
		EC2C21BB1A5BC87100C5538D /* Foundation.framework in Frameworks */ = {isa = PBXBuildFile; fileRef = EC2C21AB1A5BC87100C5538D /* Foundation.framework */; };
		EC2C21BD1A5BC87100C5538D /* UIKit.framework in Frameworks */ = {isa = PBXBuildFile; fileRef = EC2C21BC1A5BC87100C5538D /* UIKit.framework */; };
		EC2C21C01A5BC87100C5538D /* libTTGamePadView.a in Frameworks */ = {isa = PBXBuildFile; fileRef = EC2C21A81A5BC87100C5538D /* libTTGamePadView.a */; };
		EC2C21C61A5BC87100C5538D /* InfoPlist.strings in Resources */ = {isa = PBXBuildFile; fileRef = EC2C21C41A5BC87100C5538D /* InfoPlist.strings */; };
		EC2C21C81A5BC87100C5538D /* TTGamePadViewTests.m in Sources */ = {isa = PBXBuildFile; fileRef = EC2C21C71A5BC87100C5538D /* TTGamePadViewTests.m */; };
		EC2C21D41A5BFC0F00C5538D /* TTGamePadViewClassicFactory.m in Sources */ = {isa = PBXBuildFile; fileRef = EC2C21D31A5BFC0F00C5538D /* TTGamePadViewClassicFactory.m */; };
		EC2C21D71A5BFCDC00C5538D /* TTGamePadViewClassic.m in Sources */ = {isa = PBXBuildFile; fileRef = EC2C21D61A5BFCDC00C5538D /* TTGamePadViewClassic.m */; };
		EC33C1051A5E7A4100D56DC9 /* TTGamePadViewRockFactory.m in Sources */ = {isa = PBXBuildFile; fileRef = EC33C1041A5E7A4100D56DC9 /* TTGamePadViewRockFactory.m */; };
		EC33C1081A5E7A6200D56DC9 /* TTGamePadViewRock.m in Sources */ = {isa = PBXBuildFile; fileRef = EC33C1071A5E7A6200D56DC9 /* TTGamePadViewRock.m */; };
		EC8C69971A60FD7B00161BE6 /* TTContinuePressGestureRecognizer.m in Sources */ = {isa = PBXBuildFile; fileRef = EC8C69961A60FD7B00161BE6 /* TTContinuePressGestureRecognizer.m */; };
/* End PBXBuildFile section */

/* Begin PBXContainerItemProxy section */
		EC2C21BE1A5BC87100C5538D /* PBXContainerItemProxy */ = {
			isa = PBXContainerItemProxy;
			containerPortal = EC2C21A01A5BC87100C5538D /* Project object */;
			proxyType = 1;
			remoteGlobalIDString = EC2C21A71A5BC87100C5538D;
			remoteInfo = TTGamePadView;
		};
/* End PBXContainerItemProxy section */

/* Begin PBXCopyFilesBuildPhase section */
		EC2C21A61A5BC87100C5538D /* CopyFiles */ = {
			isa = PBXCopyFilesBuildPhase;
			buildActionMask = 2147483647;
			dstPath = "include/$(PRODUCT_NAME)";
			dstSubfolderSpec = 16;
			files = (
				EC2C21B11A5BC87100C5538D /* TTGamePadView.h in CopyFiles */,
			);
			runOnlyForDeploymentPostprocessing = 0;
		};
/* End PBXCopyFilesBuildPhase section */

/* Begin PBXFileReference section */
		EC2C21A81A5BC87100C5538D /* libTTGamePadView.a */ = {isa = PBXFileReference; explicitFileType = archive.ar; includeInIndex = 0; path = libTTGamePadView.a; sourceTree = BUILT_PRODUCTS_DIR; };
		EC2C21AB1A5BC87100C5538D /* Foundation.framework */ = {isa = PBXFileReference; lastKnownFileType = wrapper.framework; name = Foundation.framework; path = System/Library/Frameworks/Foundation.framework; sourceTree = SDKROOT; };
		EC2C21AF1A5BC87100C5538D /* TTGamePadView-Prefix.pch */ = {isa = PBXFileReference; lastKnownFileType = sourcecode.c.h; path = "TTGamePadView-Prefix.pch"; sourceTree = "<group>"; };
		EC2C21B01A5BC87100C5538D /* TTGamePadView.h */ = {isa = PBXFileReference; lastKnownFileType = sourcecode.c.h; path = TTGamePadView.h; sourceTree = "<group>"; };
		EC2C21B21A5BC87100C5538D /* TTGamePadView.m */ = {isa = PBXFileReference; lastKnownFileType = sourcecode.c.objc; path = TTGamePadView.m; sourceTree = "<group>"; };
		EC2C21B81A5BC87100C5538D /* TTGamePadViewTests.xctest */ = {isa = PBXFileReference; explicitFileType = wrapper.cfbundle; includeInIndex = 0; path = TTGamePadViewTests.xctest; sourceTree = BUILT_PRODUCTS_DIR; };
		EC2C21B91A5BC87100C5538D /* XCTest.framework */ = {isa = PBXFileReference; lastKnownFileType = wrapper.framework; name = XCTest.framework; path = Library/Frameworks/XCTest.framework; sourceTree = DEVELOPER_DIR; };
		EC2C21BC1A5BC87100C5538D /* UIKit.framework */ = {isa = PBXFileReference; lastKnownFileType = wrapper.framework; name = UIKit.framework; path = Library/Frameworks/UIKit.framework; sourceTree = DEVELOPER_DIR; };
		EC2C21C31A5BC87100C5538D /* TTGamePadViewTests-Info.plist */ = {isa = PBXFileReference; lastKnownFileType = text.plist.xml; path = "TTGamePadViewTests-Info.plist"; sourceTree = "<group>"; };
		EC2C21C51A5BC87100C5538D /* en */ = {isa = PBXFileReference; lastKnownFileType = text.plist.strings; name = en; path = en.lproj/InfoPlist.strings; sourceTree = "<group>"; };
		EC2C21C71A5BC87100C5538D /* TTGamePadViewTests.m */ = {isa = PBXFileReference; lastKnownFileType = sourcecode.c.objc; path = TTGamePadViewTests.m; sourceTree = "<group>"; };
		EC2C21D11A5BE93800C5538D /* TTGamePadViewFactory.h */ = {isa = PBXFileReference; lastKnownFileType = sourcecode.c.h; path = TTGamePadViewFactory.h; sourceTree = "<group>"; };
		EC2C21D21A5BFC0F00C5538D /* TTGamePadViewClassicFactory.h */ = {isa = PBXFileReference; fileEncoding = 4; lastKnownFileType = sourcecode.c.h; path = TTGamePadViewClassicFactory.h; sourceTree = "<group>"; };
		EC2C21D31A5BFC0F00C5538D /* TTGamePadViewClassicFactory.m */ = {isa = PBXFileReference; fileEncoding = 4; lastKnownFileType = sourcecode.c.objc; path = TTGamePadViewClassicFactory.m; sourceTree = "<group>"; };
		EC2C21D51A5BFCDC00C5538D /* TTGamePadViewClassic.h */ = {isa = PBXFileReference; fileEncoding = 4; lastKnownFileType = sourcecode.c.h; path = TTGamePadViewClassic.h; sourceTree = "<group>"; };
		EC2C21D61A5BFCDC00C5538D /* TTGamePadViewClassic.m */ = {isa = PBXFileReference; fileEncoding = 4; lastKnownFileType = sourcecode.c.objc; path = TTGamePadViewClassic.m; sourceTree = "<group>"; };
		EC2C21DB1A5D117A00C5538D /* gamepad_hand_direction_default.png */ = {isa = PBXFileReference; lastKnownFileType = image.png; path = gamepad_hand_direction_default.png; sourceTree = "<group>"; };
		EC2C21DC1A5D117A00C5538D /* gamepad_hand_direction_pd.png */ = {isa = PBXFileReference; lastKnownFileType = image.png; path = gamepad_hand_direction_pd.png; sourceTree = "<group>"; };
		EC2C21DD1A5D117A00C5538D /* gamepad_hand_direction_pl.png */ = {isa = PBXFileReference; lastKnownFileType = image.png; path = gamepad_hand_direction_pl.png; sourceTree = "<group>"; };
		EC2C21DE1A5D117A00C5538D /* gamepad_hand_direction_pld.png */ = {isa = PBXFileReference; lastKnownFileType = image.png; path = gamepad_hand_direction_pld.png; sourceTree = "<group>"; };
		EC2C21DF1A5D117A00C5538D /* gamepad_hand_direction_plt.png */ = {isa = PBXFileReference; lastKnownFileType = image.png; path = gamepad_hand_direction_plt.png; sourceTree = "<group>"; };
		EC2C21E01A5D117A00C5538D /* gamepad_hand_direction_pr.png */ = {isa = PBXFileReference; lastKnownFileType = image.png; path = gamepad_hand_direction_pr.png; sourceTree = "<group>"; };
		EC2C21E11A5D117A00C5538D /* gamepad_hand_direction_prd.png */ = {isa = PBXFileReference; lastKnownFileType = image.png; path = gamepad_hand_direction_prd.png; sourceTree = "<group>"; };
		EC2C21E21A5D117A00C5538D /* gamepad_hand_direction_prt.png */ = {isa = PBXFileReference; lastKnownFileType = image.png; path = gamepad_hand_direction_prt.png; sourceTree = "<group>"; };
		EC2C21E31A5D117A00C5538D /* gamepad_hand_direction_pt.png */ = {isa = PBXFileReference; lastKnownFileType = image.png; path = gamepad_hand_direction_pt.png; sourceTree = "<group>"; };
		EC33C1031A5E7A4100D56DC9 /* TTGamePadViewRockFactory.h */ = {isa = PBXFileReference; fileEncoding = 4; lastKnownFileType = sourcecode.c.h; path = TTGamePadViewRockFactory.h; sourceTree = "<group>"; };
		EC33C1041A5E7A4100D56DC9 /* TTGamePadViewRockFactory.m */ = {isa = PBXFileReference; fileEncoding = 4; lastKnownFileType = sourcecode.c.objc; path = TTGamePadViewRockFactory.m; sourceTree = "<group>"; };
		EC33C1061A5E7A6200D56DC9 /* TTGamePadViewRock.h */ = {isa = PBXFileReference; fileEncoding = 4; lastKnownFileType = sourcecode.c.h; path = TTGamePadViewRock.h; sourceTree = "<group>"; };
		EC33C1071A5E7A6200D56DC9 /* TTGamePadViewRock.m */ = {isa = PBXFileReference; fileEncoding = 4; lastKnownFileType = sourcecode.c.objc; path = TTGamePadViewRock.m; sourceTree = "<group>"; };
		EC33C12C1A5E7B0300D56DC9 /* gamepad_btn_select_n_paper.png */ = {isa = PBXFileReference; lastKnownFileType = image.png; path = gamepad_btn_select_n_paper.png; sourceTree = "<group>"; };
		EC33C12D1A5E7B0300D56DC9 /* gamepad_btn_select_p_paper.png */ = {isa = PBXFileReference; lastKnownFileType = image.png; path = gamepad_btn_select_p_paper.png; sourceTree = "<group>"; };
		EC33C12E1A5E7B0300D56DC9 /* gamepad_btn_six_a_n_paper.png */ = {isa = PBXFileReference; lastKnownFileType = image.png; path = gamepad_btn_six_a_n_paper.png; sourceTree = "<group>"; };
		EC33C12F1A5E7B0300D56DC9 /* gamepad_btn_six_a_p_paper.png */ = {isa = PBXFileReference; lastKnownFileType = image.png; path = gamepad_btn_six_a_p_paper.png; sourceTree = "<group>"; };
		EC33C1301A5E7B0300D56DC9 /* gamepad_btn_six_b_n_paper.png */ = {isa = PBXFileReference; lastKnownFileType = image.png; path = gamepad_btn_six_b_n_paper.png; sourceTree = "<group>"; };
		EC33C1311A5E7B0300D56DC9 /* gamepad_btn_six_b_p_paper.png */ = {isa = PBXFileReference; lastKnownFileType = image.png; path = gamepad_btn_six_b_p_paper.png; sourceTree = "<group>"; };
		EC33C1321A5E7B0300D56DC9 /* gamepad_btn_six_c_n_paper.png */ = {isa = PBXFileReference; lastKnownFileType = image.png; path = gamepad_btn_six_c_n_paper.png; sourceTree = "<group>"; };
		EC33C1331A5E7B0300D56DC9 /* gamepad_btn_six_c_p_paper.png */ = {isa = PBXFileReference; lastKnownFileType = image.png; path = gamepad_btn_six_c_p_paper.png; sourceTree = "<group>"; };
		EC33C1341A5E7B0300D56DC9 /* gamepad_btn_six_x_n_paper.png */ = {isa = PBXFileReference; lastKnownFileType = image.png; path = gamepad_btn_six_x_n_paper.png; sourceTree = "<group>"; };
		EC33C1351A5E7B0300D56DC9 /* gamepad_btn_six_x_p_paper.png */ = {isa = PBXFileReference; lastKnownFileType = image.png; path = gamepad_btn_six_x_p_paper.png; sourceTree = "<group>"; };
		EC33C1361A5E7B0300D56DC9 /* gamepad_btn_six_y_n_paper.png */ = {isa = PBXFileReference; lastKnownFileType = image.png; path = gamepad_btn_six_y_n_paper.png; sourceTree = "<group>"; };
		EC33C1371A5E7B0300D56DC9 /* gamepad_btn_six_y_p_paper.png */ = {isa = PBXFileReference; lastKnownFileType = image.png; path = gamepad_btn_six_y_p_paper.png; sourceTree = "<group>"; };
		EC33C1381A5E7B0300D56DC9 /* gamepad_btn_six_z_n_paper.png */ = {isa = PBXFileReference; lastKnownFileType = image.png; path = gamepad_btn_six_z_n_paper.png; sourceTree = "<group>"; };
		EC33C1391A5E7B0300D56DC9 /* gamepad_btn_six_z_p_paper.png */ = {isa = PBXFileReference; lastKnownFileType = image.png; path = gamepad_btn_six_z_p_paper.png; sourceTree = "<group>"; };
		EC33C13A1A5E7B0300D56DC9 /* gamepad_btn_start_n_paper.png */ = {isa = PBXFileReference; lastKnownFileType = image.png; path = gamepad_btn_start_n_paper.png; sourceTree = "<group>"; };
		EC33C13B1A5E7B0300D56DC9 /* gamepad_btn_start_p_paper.png */ = {isa = PBXFileReference; lastKnownFileType = image.png; path = gamepad_btn_start_p_paper.png; sourceTree = "<group>"; };
		EC33C1481A5E803A00D56DC9 /* gamepad_hand_rocker_ball_p_paper.png */ = {isa = PBXFileReference; lastKnownFileType = image.png; path = gamepad_hand_rocker_ball_p_paper.png; sourceTree = "<group>"; };
		EC33C1491A5E803A00D56DC9 /* gamepad_hand_rocker_ball_p.png */ = {isa = PBXFileReference; lastKnownFileType = image.png; path = gamepad_hand_rocker_ball_p.png; sourceTree = "<group>"; };
		EC33C14A1A5E803A00D56DC9 /* gamepad_hand_rocker_ball_paper.png */ = {isa = PBXFileReference; lastKnownFileType = image.png; path = gamepad_hand_rocker_ball_paper.png; sourceTree = "<group>"; };
		EC33C14B1A5E803A00D56DC9 /* gamepad_hand_rocker_ball.png */ = {isa = PBXFileReference; lastKnownFileType = image.png; path = gamepad_hand_rocker_ball.png; sourceTree = "<group>"; };
		EC33C14C1A5E803A00D56DC9 /* gamepad_hand_rocker_bg_paper.png */ = {isa = PBXFileReference; lastKnownFileType = image.png; path = gamepad_hand_rocker_bg_paper.png; sourceTree = "<group>"; };
		EC33C14D1A5E803A00D56DC9 /* gamepad_hand_rocker_bg.png */ = {isa = PBXFileReference; lastKnownFileType = image.png; path = gamepad_hand_rocker_bg.png; sourceTree = "<group>"; };
		EC73A0341A5D527A00DBFFED /* gamepad_bg_hand.jpg */ = {isa = PBXFileReference; lastKnownFileType = image.jpeg; path = gamepad_bg_hand.jpg; sourceTree = "<group>"; };
		EC73A0591A5D591800DBFFED /* gamepad_btn_hand_menu_n.png */ = {isa = PBXFileReference; lastKnownFileType = image.png; path = gamepad_btn_hand_menu_n.png; sourceTree = "<group>"; };
		EC73A05B1A5D591800DBFFED /* gamepad_btn_select_n.png */ = {isa = PBXFileReference; lastKnownFileType = image.png; path = gamepad_btn_select_n.png; sourceTree = "<group>"; };
		EC73A05C1A5D591800DBFFED /* gamepad_btn_select_p.png */ = {isa = PBXFileReference; lastKnownFileType = image.png; path = gamepad_btn_select_p.png; sourceTree = "<group>"; };
		EC73A05D1A5D591800DBFFED /* gamepad_btn_start_n.png */ = {isa = PBXFileReference; lastKnownFileType = image.png; path = gamepad_btn_start_n.png; sourceTree = "<group>"; };
		EC73A05E1A5D591800DBFFED /* gamepad_btn_start_p.png */ = {isa = PBXFileReference; lastKnownFileType = image.png; path = gamepad_btn_start_p.png; sourceTree = "<group>"; };
		EC73A0611A5D5B1500DBFFED /* gamepad_btn_hand_menu_p.png */ = {isa = PBXFileReference; lastKnownFileType = image.png; path = gamepad_btn_hand_menu_p.png; sourceTree = "<group>"; };
		EC73A07B1A5E1B6800DBFFED /* gamepad_btn_six_a_n.png */ = {isa = PBXFileReference; lastKnownFileType = image.png; path = gamepad_btn_six_a_n.png; sourceTree = "<group>"; };
		EC73A07C1A5E1B6800DBFFED /* gamepad_btn_six_a_p.png */ = {isa = PBXFileReference; lastKnownFileType = image.png; path = gamepad_btn_six_a_p.png; sourceTree = "<group>"; };
		EC73A07D1A5E1B6800DBFFED /* gamepad_btn_six_b_n.png */ = {isa = PBXFileReference; lastKnownFileType = image.png; path = gamepad_btn_six_b_n.png; sourceTree = "<group>"; };
		EC73A07E1A5E1B6800DBFFED /* gamepad_btn_six_b_p.png */ = {isa = PBXFileReference; lastKnownFileType = image.png; path = gamepad_btn_six_b_p.png; sourceTree = "<group>"; };
		EC73A07F1A5E1B6800DBFFED /* gamepad_btn_six_c_n.png */ = {isa = PBXFileReference; lastKnownFileType = image.png; path = gamepad_btn_six_c_n.png; sourceTree = "<group>"; };
		EC73A0801A5E1B6800DBFFED /* gamepad_btn_six_c_p.png */ = {isa = PBXFileReference; lastKnownFileType = image.png; path = gamepad_btn_six_c_p.png; sourceTree = "<group>"; };
		EC73A0811A5E1B6800DBFFED /* gamepad_btn_six_x_n.png */ = {isa = PBXFileReference; lastKnownFileType = image.png; path = gamepad_btn_six_x_n.png; sourceTree = "<group>"; };
		EC73A0821A5E1B6800DBFFED /* gamepad_btn_six_x_p.png */ = {isa = PBXFileReference; lastKnownFileType = image.png; path = gamepad_btn_six_x_p.png; sourceTree = "<group>"; };
		EC73A0831A5E1B6800DBFFED /* gamepad_btn_six_y_n.png */ = {isa = PBXFileReference; lastKnownFileType = image.png; path = gamepad_btn_six_y_n.png; sourceTree = "<group>"; };
		EC73A0841A5E1B6800DBFFED /* gamepad_btn_six_y_p.png */ = {isa = PBXFileReference; lastKnownFileType = image.png; path = gamepad_btn_six_y_p.png; sourceTree = "<group>"; };
		EC73A0851A5E1B6800DBFFED /* gamepad_btn_six_z_n.png */ = {isa = PBXFileReference; lastKnownFileType = image.png; path = gamepad_btn_six_z_n.png; sourceTree = "<group>"; };
		EC73A0861A5E1B6800DBFFED /* gamepad_btn_six_z_p.png */ = {isa = PBXFileReference; lastKnownFileType = image.png; path = gamepad_btn_six_z_p.png; sourceTree = "<group>"; };
		EC8C69951A60FD7B00161BE6 /* TTContinuePressGestureRecognizer.h */ = {isa = PBXFileReference; fileEncoding = 4; lastKnownFileType = sourcecode.c.h; path = TTContinuePressGestureRecognizer.h; sourceTree = "<group>"; };
		EC8C69961A60FD7B00161BE6 /* TTContinuePressGestureRecognizer.m */ = {isa = PBXFileReference; fileEncoding = 4; lastKnownFileType = sourcecode.c.objc; path = TTContinuePressGestureRecognizer.m; sourceTree = "<group>"; };
/* End PBXFileReference section */

/* Begin PBXFrameworksBuildPhase section */
		EC2C21A51A5BC87100C5538D /* Frameworks */ = {
			isa = PBXFrameworksBuildPhase;
			buildActionMask = 2147483647;
			files = (
				EC2C21AC1A5BC87100C5538D /* Foundation.framework in Frameworks */,
			);
			runOnlyForDeploymentPostprocessing = 0;
		};
		EC2C21B51A5BC87100C5538D /* Frameworks */ = {
			isa = PBXFrameworksBuildPhase;
			buildActionMask = 2147483647;
			files = (
				EC2C21BA1A5BC87100C5538D /* XCTest.framework in Frameworks */,
				EC2C21BD1A5BC87100C5538D /* UIKit.framework in Frameworks */,
				EC2C21C01A5BC87100C5538D /* libTTGamePadView.a in Frameworks */,
				EC2C21BB1A5BC87100C5538D /* Foundation.framework in Frameworks */,
			);
			runOnlyForDeploymentPostprocessing = 0;
		};
/* End PBXFrameworksBuildPhase section */

/* Begin PBXGroup section */
		EC2C219F1A5BC87100C5538D = {
			isa = PBXGroup;
			children = (
				EC2C21AD1A5BC87100C5538D /* TTGamePadView */,
				EC2C21C11A5BC87100C5538D /* TTGamePadViewTests */,
				EC2C21AA1A5BC87100C5538D /* Frameworks */,
				EC2C21A91A5BC87100C5538D /* Products */,
			);
			sourceTree = "<group>";
		};
		EC2C21A91A5BC87100C5538D /* Products */ = {
			isa = PBXGroup;
			children = (
				EC2C21A81A5BC87100C5538D /* libTTGamePadView.a */,
				EC2C21B81A5BC87100C5538D /* TTGamePadViewTests.xctest */,
			);
			name = Products;
			sourceTree = "<group>";
		};
		EC2C21AA1A5BC87100C5538D /* Frameworks */ = {
			isa = PBXGroup;
			children = (
				EC2C21AB1A5BC87100C5538D /* Foundation.framework */,
				EC2C21B91A5BC87100C5538D /* XCTest.framework */,
				EC2C21BC1A5BC87100C5538D /* UIKit.framework */,
			);
			name = Frameworks;
			sourceTree = "<group>";
		};
		EC2C21AD1A5BC87100C5538D /* TTGamePadView */ = {
			isa = PBXGroup;
			children = (
				EC8C69951A60FD7B00161BE6 /* TTContinuePressGestureRecognizer.h */,
				EC8C69961A60FD7B00161BE6 /* TTContinuePressGestureRecognizer.m */,
				EC2C21DA1A5D117A00C5538D /* Resources */,
				EC2C21AE1A5BC87100C5538D /* Supporting Files */,
				EC2C21B01A5BC87100C5538D /* TTGamePadView.h */,
				EC2C21B21A5BC87100C5538D /* TTGamePadView.m */,
				EC2C21D11A5BE93800C5538D /* TTGamePadViewFactory.h */,
				EC2C21D21A5BFC0F00C5538D /* TTGamePadViewClassicFactory.h */,
				EC2C21D31A5BFC0F00C5538D /* TTGamePadViewClassicFactory.m */,
				EC2C21D51A5BFCDC00C5538D /* TTGamePadViewClassic.h */,
				EC2C21D61A5BFCDC00C5538D /* TTGamePadViewClassic.m */,
				EC33C1031A5E7A4100D56DC9 /* TTGamePadViewRockFactory.h */,
				EC33C1041A5E7A4100D56DC9 /* TTGamePadViewRockFactory.m */,
				EC33C1061A5E7A6200D56DC9 /* TTGamePadViewRock.h */,
				EC33C1071A5E7A6200D56DC9 /* TTGamePadViewRock.m */,
			);
			path = TTGamePadView;
			sourceTree = "<group>";
		};
		EC2C21AE1A5BC87100C5538D /* Supporting Files */ = {
			isa = PBXGroup;
			children = (
				EC2C21AF1A5BC87100C5538D /* TTGamePadView-Prefix.pch */,
			);
			name = "Supporting Files";
			sourceTree = "<group>";
		};
		EC2C21C11A5BC87100C5538D /* TTGamePadViewTests */ = {
			isa = PBXGroup;
			children = (
				EC2C21C71A5BC87100C5538D /* TTGamePadViewTests.m */,
				EC2C21C21A5BC87100C5538D /* Supporting Files */,
			);
			path = TTGamePadViewTests;
			sourceTree = "<group>";
		};
		EC2C21C21A5BC87100C5538D /* Supporting Files */ = {
			isa = PBXGroup;
			children = (
				EC2C21C31A5BC87100C5538D /* TTGamePadViewTests-Info.plist */,
				EC2C21C41A5BC87100C5538D /* InfoPlist.strings */,
			);
			name = "Supporting Files";
			sourceTree = "<group>";
		};
		EC2C21DA1A5D117A00C5538D /* Resources */ = {
			isa = PBXGroup;
			children = (
				EC33C1481A5E803A00D56DC9 /* gamepad_hand_rocker_ball_p_paper.png */,
				EC33C1491A5E803A00D56DC9 /* gamepad_hand_rocker_ball_p.png */,
				EC33C14A1A5E803A00D56DC9 /* gamepad_hand_rocker_ball_paper.png */,
				EC33C14B1A5E803A00D56DC9 /* gamepad_hand_rocker_ball.png */,
				EC33C14C1A5E803A00D56DC9 /* gamepad_hand_rocker_bg_paper.png */,
				EC33C14D1A5E803A00D56DC9 /* gamepad_hand_rocker_bg.png */,
				EC33C12C1A5E7B0300D56DC9 /* gamepad_btn_select_n_paper.png */,
				EC33C12D1A5E7B0300D56DC9 /* gamepad_btn_select_p_paper.png */,
				EC33C12E1A5E7B0300D56DC9 /* gamepad_btn_six_a_n_paper.png */,
				EC33C12F1A5E7B0300D56DC9 /* gamepad_btn_six_a_p_paper.png */,
				EC33C1301A5E7B0300D56DC9 /* gamepad_btn_six_b_n_paper.png */,
				EC33C1311A5E7B0300D56DC9 /* gamepad_btn_six_b_p_paper.png */,
				EC33C1321A5E7B0300D56DC9 /* gamepad_btn_six_c_n_paper.png */,
				EC33C1331A5E7B0300D56DC9 /* gamepad_btn_six_c_p_paper.png */,
				EC33C1341A5E7B0300D56DC9 /* gamepad_btn_six_x_n_paper.png */,
				EC33C1351A5E7B0300D56DC9 /* gamepad_btn_six_x_p_paper.png */,
				EC33C1361A5E7B0300D56DC9 /* gamepad_btn_six_y_n_paper.png */,
				EC33C1371A5E7B0300D56DC9 /* gamepad_btn_six_y_p_paper.png */,
				EC33C1381A5E7B0300D56DC9 /* gamepad_btn_six_z_n_paper.png */,
				EC33C1391A5E7B0300D56DC9 /* gamepad_btn_six_z_p_paper.png */,
				EC33C13A1A5E7B0300D56DC9 /* gamepad_btn_start_n_paper.png */,
				EC33C13B1A5E7B0300D56DC9 /* gamepad_btn_start_p_paper.png */,
				EC73A07B1A5E1B6800DBFFED /* gamepad_btn_six_a_n.png */,
				EC73A07C1A5E1B6800DBFFED /* gamepad_btn_six_a_p.png */,
				EC73A07D1A5E1B6800DBFFED /* gamepad_btn_six_b_n.png */,
				EC73A07E1A5E1B6800DBFFED /* gamepad_btn_six_b_p.png */,
				EC73A07F1A5E1B6800DBFFED /* gamepad_btn_six_c_n.png */,
				EC73A0801A5E1B6800DBFFED /* gamepad_btn_six_c_p.png */,
				EC73A0811A5E1B6800DBFFED /* gamepad_btn_six_x_n.png */,
				EC73A0821A5E1B6800DBFFED /* gamepad_btn_six_x_p.png */,
				EC73A0831A5E1B6800DBFFED /* gamepad_btn_six_y_n.png */,
				EC73A0841A5E1B6800DBFFED /* gamepad_btn_six_y_p.png */,
				EC73A0851A5E1B6800DBFFED /* gamepad_btn_six_z_n.png */,
				EC73A0861A5E1B6800DBFFED /* gamepad_btn_six_z_p.png */,
				EC73A0591A5D591800DBFFED /* gamepad_btn_hand_menu_n.png */,
				EC73A0611A5D5B1500DBFFED /* gamepad_btn_hand_menu_p.png */,
				EC73A05B1A5D591800DBFFED /* gamepad_btn_select_n.png */,
				EC73A05C1A5D591800DBFFED /* gamepad_btn_select_p.png */,
				EC73A05D1A5D591800DBFFED /* gamepad_btn_start_n.png */,
				EC73A05E1A5D591800DBFFED /* gamepad_btn_start_p.png */,
				EC73A0341A5D527A00DBFFED /* gamepad_bg_hand.jpg */,
				EC2C21DB1A5D117A00C5538D /* gamepad_hand_direction_default.png */,
				EC2C21DC1A5D117A00C5538D /* gamepad_hand_direction_pd.png */,
				EC2C21DD1A5D117A00C5538D /* gamepad_hand_direction_pl.png */,
				EC2C21DE1A5D117A00C5538D /* gamepad_hand_direction_pld.png */,
				EC2C21DF1A5D117A00C5538D /* gamepad_hand_direction_plt.png */,
				EC2C21E01A5D117A00C5538D /* gamepad_hand_direction_pr.png */,
				EC2C21E11A5D117A00C5538D /* gamepad_hand_direction_prd.png */,
				EC2C21E21A5D117A00C5538D /* gamepad_hand_direction_prt.png */,
				EC2C21E31A5D117A00C5538D /* gamepad_hand_direction_pt.png */,
			);
			path = Resources;
			sourceTree = "<group>";
		};
/* End PBXGroup section */

/* Begin PBXNativeTarget section */
		EC2C21A71A5BC87100C5538D /* TTGamePadView */ = {
			isa = PBXNativeTarget;
			buildConfigurationList = EC2C21CB1A5BC87100C5538D /* Build configuration list for PBXNativeTarget "TTGamePadView" */;
			buildPhases = (
				EC2C21A41A5BC87100C5538D /* Sources */,
				EC2C21A51A5BC87100C5538D /* Frameworks */,
				EC2C21A61A5BC87100C5538D /* CopyFiles */,
			);
			buildRules = (
			);
			dependencies = (
			);
			name = TTGamePadView;
			productName = TTGamePadView;
			productReference = EC2C21A81A5BC87100C5538D /* libTTGamePadView.a */;
			productType = "com.apple.product-type.library.static";
		};
		EC2C21B71A5BC87100C5538D /* TTGamePadViewTests */ = {
			isa = PBXNativeTarget;
			buildConfigurationList = EC2C21CE1A5BC87100C5538D /* Build configuration list for PBXNativeTarget "TTGamePadViewTests" */;
			buildPhases = (
				EC2C21B41A5BC87100C5538D /* Sources */,
				EC2C21B51A5BC87100C5538D /* Frameworks */,
				EC2C21B61A5BC87100C5538D /* Resources */,
			);
			buildRules = (
			);
			dependencies = (
				EC2C21BF1A5BC87100C5538D /* PBXTargetDependency */,
			);
			name = TTGamePadViewTests;
			productName = TTGamePadViewTests;
			productReference = EC2C21B81A5BC87100C5538D /* TTGamePadViewTests.xctest */;
			productType = "com.apple.product-type.bundle.unit-test";
		};
/* End PBXNativeTarget section */

/* Begin PBXProject section */
		EC2C21A01A5BC87100C5538D /* Project object */ = {
			isa = PBXProject;
			attributes = {
				LastUpgradeCheck = 0510;
				ORGANIZATIONNAME = liangliang;
			};
			buildConfigurationList = EC2C21A31A5BC87100C5538D /* Build configuration list for PBXProject "TTGamePadView" */;
			compatibilityVersion = "Xcode 3.2";
			developmentRegion = English;
			hasScannedForEncodings = 0;
			knownRegions = (
				en,
			);
			mainGroup = EC2C219F1A5BC87100C5538D;
			productRefGroup = EC2C21A91A5BC87100C5538D /* Products */;
			projectDirPath = "";
			projectRoot = "";
			targets = (
				EC2C21A71A5BC87100C5538D /* TTGamePadView */,
				EC2C21B71A5BC87100C5538D /* TTGamePadViewTests */,
			);
		};
/* End PBXProject section */

/* Begin PBXResourcesBuildPhase section */
		EC2C21B61A5BC87100C5538D /* Resources */ = {
			isa = PBXResourcesBuildPhase;
			buildActionMask = 2147483647;
			files = (
				EC2C21C61A5BC87100C5538D /* InfoPlist.strings in Resources */,
			);
			runOnlyForDeploymentPostprocessing = 0;
		};
/* End PBXResourcesBuildPhase section */

/* Begin PBXSourcesBuildPhase section */
		EC2C21A41A5BC87100C5538D /* Sources */ = {
			isa = PBXSourcesBuildPhase;
			buildActionMask = 2147483647;
			files = (
				EC8C69971A60FD7B00161BE6 /* TTContinuePressGestureRecognizer.m in Sources */,
				EC33C1081A5E7A6200D56DC9 /* TTGamePadViewRock.m in Sources */,
				EC2C21D71A5BFCDC00C5538D /* TTGamePadViewClassic.m in Sources */,
				EC2C21D41A5BFC0F00C5538D /* TTGamePadViewClassicFactory.m in Sources */,
				EC33C1051A5E7A4100D56DC9 /* TTGamePadViewRockFactory.m in Sources */,
				EC2C21B31A5BC87100C5538D /* TTGamePadView.m in Sources */,
			);
			runOnlyForDeploymentPostprocessing = 0;
		};
		EC2C21B41A5BC87100C5538D /* Sources */ = {
			isa = PBXSourcesBuildPhase;
			buildActionMask = 2147483647;
			files = (
				EC2C21C81A5BC87100C5538D /* TTGamePadViewTests.m in Sources */,
			);
			runOnlyForDeploymentPostprocessing = 0;
		};
/* End PBXSourcesBuildPhase section */

/* Begin PBXTargetDependency section */
		EC2C21BF1A5BC87100C5538D /* PBXTargetDependency */ = {
			isa = PBXTargetDependency;
			target = EC2C21A71A5BC87100C5538D /* TTGamePadView */;
			targetProxy = EC2C21BE1A5BC87100C5538D /* PBXContainerItemProxy */;
		};
/* End PBXTargetDependency section */

/* Begin PBXVariantGroup section */
		EC2C21C41A5BC87100C5538D /* InfoPlist.strings */ = {
			isa = PBXVariantGroup;
			children = (
				EC2C21C51A5BC87100C5538D /* en */,
			);
			name = InfoPlist.strings;
			sourceTree = "<group>";
		};
/* End PBXVariantGroup section */

/* Begin XCBuildConfiguration section */
		EC2C21C91A5BC87100C5538D /* Debug */ = {
			isa = XCBuildConfiguration;
			buildSettings = {
				ALWAYS_SEARCH_USER_PATHS = NO;
				CLANG_CXX_LANGUAGE_STANDARD = "gnu++0x";
				CLANG_CXX_LIBRARY = "libc++";
				CLANG_ENABLE_MODULES = YES;
				CLANG_ENABLE_OBJC_ARC = YES;
				CLANG_WARN_BOOL_CONVERSION = YES;
				CLANG_WARN_CONSTANT_CONVERSION = YES;
				CLANG_WARN_DIRECT_OBJC_ISA_USAGE = YES_ERROR;
				CLANG_WARN_EMPTY_BODY = YES;
				CLANG_WARN_ENUM_CONVERSION = YES;
				CLANG_WARN_INT_CONVERSION = YES;
				CLANG_WARN_OBJC_ROOT_CLASS = YES_ERROR;
				CLANG_WARN__DUPLICATE_METHOD_MATCH = YES;
				COPY_PHASE_STRIP = NO;
				GCC_C_LANGUAGE_STANDARD = gnu99;
				GCC_DYNAMIC_NO_PIC = NO;
				GCC_OPTIMIZATION_LEVEL = 0;
				GCC_PREPROCESSOR_DEFINITIONS = (
					"DEBUG=1",
					"$(inherited)",
				);
				GCC_SYMBOLS_PRIVATE_EXTERN = NO;
				GCC_WARN_64_TO_32_BIT_CONVERSION = YES;
				GCC_WARN_ABOUT_RETURN_TYPE = YES_ERROR;
				GCC_WARN_UNDECLARED_SELECTOR = YES;
				GCC_WARN_UNINITIALIZED_AUTOS = YES_AGGRESSIVE;
				GCC_WARN_UNUSED_FUNCTION = YES;
				GCC_WARN_UNUSED_VARIABLE = YES;
				IPHONEOS_DEPLOYMENT_TARGET = 7.1;
				ONLY_ACTIVE_ARCH = YES;
				SDKROOT = iphoneos;
			};
			name = Debug;
		};
		EC2C21CA1A5BC87100C5538D /* Release */ = {
			isa = XCBuildConfiguration;
			buildSettings = {
				ALWAYS_SEARCH_USER_PATHS = NO;
				CLANG_CXX_LANGUAGE_STANDARD = "gnu++0x";
				CLANG_CXX_LIBRARY = "libc++";
				CLANG_ENABLE_MODULES = YES;
				CLANG_ENABLE_OBJC_ARC = YES;
				CLANG_WARN_BOOL_CONVERSION = YES;
				CLANG_WARN_CONSTANT_CONVERSION = YES;
				CLANG_WARN_DIRECT_OBJC_ISA_USAGE = YES_ERROR;
				CLANG_WARN_EMPTY_BODY = YES;
				CLANG_WARN_ENUM_CONVERSION = YES;
				CLANG_WARN_INT_CONVERSION = YES;
				CLANG_WARN_OBJC_ROOT_CLASS = YES_ERROR;
				CLANG_WARN__DUPLICATE_METHOD_MATCH = YES;
				COPY_PHASE_STRIP = YES;
				ENABLE_NS_ASSERTIONS = NO;
				GCC_C_LANGUAGE_STANDARD = gnu99;
				GCC_WARN_64_TO_32_BIT_CONVERSION = YES;
				GCC_WARN_ABOUT_RETURN_TYPE = YES_ERROR;
				GCC_WARN_UNDECLARED_SELECTOR = YES;
				GCC_WARN_UNINITIALIZED_AUTOS = YES_AGGRESSIVE;
				GCC_WARN_UNUSED_FUNCTION = YES;
				GCC_WARN_UNUSED_VARIABLE = YES;
				IPHONEOS_DEPLOYMENT_TARGET = 7.1;
				SDKROOT = iphoneos;
				VALIDATE_PRODUCT = YES;
			};
			name = Release;
		};
		EC2C21CC1A5BC87100C5538D /* Debug */ = {
			isa = XCBuildConfiguration;
			buildSettings = {
				DSTROOT = /tmp/TTGamePadView.dst;
				GCC_PRECOMPILE_PREFIX_HEADER = YES;
				GCC_PREFIX_HEADER = "TTGamePadView/TTGamePadView-Prefix.pch";
				OTHER_LDFLAGS = "-ObjC";
				PRODUCT_NAME = "$(TARGET_NAME)";
				SKIP_INSTALL = YES;
			};
			name = Debug;
		};
		EC2C21CD1A5BC87100C5538D /* Release */ = {
			isa = XCBuildConfiguration;
			buildSettings = {
				DSTROOT = /tmp/TTGamePadView.dst;
				GCC_PRECOMPILE_PREFIX_HEADER = YES;
				GCC_PREFIX_HEADER = "TTGamePadView/TTGamePadView-Prefix.pch";
				OTHER_LDFLAGS = "-ObjC";
				PRODUCT_NAME = "$(TARGET_NAME)";
				SKIP_INSTALL = YES;
			};
			name = Release;
		};
		EC2C21CF1A5BC87100C5538D /* Debug */ = {
			isa = XCBuildConfiguration;
			buildSettings = {
				FRAMEWORK_SEARCH_PATHS = (
					"$(SDKROOT)/Developer/Library/Frameworks",
					"$(inherited)",
					"$(DEVELOPER_FRAMEWORKS_DIR)",
				);
				GCC_PRECOMPILE_PREFIX_HEADER = YES;
				GCC_PREFIX_HEADER = "TTGamePadView/TTGamePadView-Prefix.pch";
				GCC_PREPROCESSOR_DEFINITIONS = (
					"DEBUG=1",
					"$(inherited)",
				);
				INFOPLIST_FILE = "TTGamePadViewTests/TTGamePadViewTests-Info.plist";
				PRODUCT_NAME = "$(TARGET_NAME)";
				WRAPPER_EXTENSION = xctest;
			};
			name = Debug;
		};
		EC2C21D01A5BC87100C5538D /* Release */ = {
			isa = XCBuildConfiguration;
			buildSettings = {
				FRAMEWORK_SEARCH_PATHS = (
					"$(SDKROOT)/Developer/Library/Frameworks",
					"$(inherited)",
					"$(DEVELOPER_FRAMEWORKS_DIR)",
				);
				GCC_PRECOMPILE_PREFIX_HEADER = YES;
				GCC_PREFIX_HEADER = "TTGamePadView/TTGamePadView-Prefix.pch";
				INFOPLIST_FILE = "TTGamePadViewTests/TTGamePadViewTests-Info.plist";
				PRODUCT_NAME = "$(TARGET_NAME)";
				WRAPPER_EXTENSION = xctest;
			};
			name = Release;
		};
/* End XCBuildConfiguration section */

/* Begin XCConfigurationList section */
		EC2C21A31A5BC87100C5538D /* Build configuration list for PBXProject "TTGamePadView" */ = {
			isa = XCConfigurationList;
			buildConfigurations = (
				EC2C21C91A5BC87100C5538D /* Debug */,
				EC2C21CA1A5BC87100C5538D /* Release */,
			);
			defaultConfigurationIsVisible = 0;
			defaultConfigurationName = Release;
		};
		EC2C21CB1A5BC87100C5538D /* Build configuration list for PBXNativeTarget "TTGamePadView" */ = {
			isa = XCConfigurationList;
			buildConfigurations = (
				EC2C21CC1A5BC87100C5538D /* Debug */,
				EC2C21CD1A5BC87100C5538D /* Release */,
			);
			defaultConfigurationIsVisible = 0;
			defaultConfigurationName = Release;
		};
		EC2C21CE1A5BC87100C5538D /* Build configuration list for PBXNativeTarget "TTGamePadViewTests" */ = {
			isa = XCConfigurationList;
			buildConfigurations = (
				EC2C21CF1A5BC87100C5538D /* Debug */,
				EC2C21D01A5BC87100C5538D /* Release */,
			);
			defaultConfigurationIsVisible = 0;
			defaultConfigurationName = Release;
		};
/* End XCConfigurationList section */
	};
	rootObject = EC2C21A01A5BC87100C5538D /* Project object */;
}
